// !$*UTF8*$!
{
	archiveVersion = 1;
	classes = {
	};
	objectVersion = 50;
	objects = {

/* Begin PBXBuildFile section */
		203B5B7322D38A5E0023E2C0 /* HomeList.swift in Sources */ = {isa = PBXBuildFile; fileRef = 203B5B7222D38A5E0023E2C0 /* HomeList.swift */; };
		203E30DA22CCF94200544B47 /* Home.swift in Sources */ = {isa = PBXBuildFile; fileRef = 203E30D922CCF94200544B47 /* Home.swift */; };
		2042B59322D49991000112E0 /* BlurView.swift in Sources */ = {isa = PBXBuildFile; fileRef = 2042B59222D49991000112E0 /* BlurView.swift */; };
		2042B59522D4BCF2000112E0 /* UpdateList.swift in Sources */ = {isa = PBXBuildFile; fileRef = 2042B59422D4BCF2000112E0 /* UpdateList.swift */; };
		2042B59722D4C995000112E0 /* UpdateStore.swift in Sources */ = {isa = PBXBuildFile; fileRef = 2042B59622D4C995000112E0 /* UpdateStore.swift */; };
		2042B59922D4CF05000112E0 /* TabBar.swift in Sources */ = {isa = PBXBuildFile; fileRef = 2042B59822D4CF05000112E0 /* TabBar.swift */; };
		20D1975B22CCAE0D00C6D510 /* AppDelegate.swift in Sources */ = {isa = PBXBuildFile; fileRef = 20D1975A22CCAE0D00C6D510 /* AppDelegate.swift */; };
		20D1975D22CCAE0D00C6D510 /* SceneDelegate.swift in Sources */ = {isa = PBXBuildFile; fileRef = 20D1975C22CCAE0D00C6D510 /* SceneDelegate.swift */; };
		20D1975F22CCAE0D00C6D510 /* ContentView.swift in Sources */ = {isa = PBXBuildFile; fileRef = 20D1975E22CCAE0D00C6D510 /* ContentView.swift */; };
		20D1976122CCAE0E00C6D510 /* Assets.xcassets in Resources */ = {isa = PBXBuildFile; fileRef = 20D1976022CCAE0E00C6D510 /* Assets.xcassets */; };
		20D1976422CCAE0E00C6D510 /* Preview Assets.xcassets in Resources */ = {isa = PBXBuildFile; fileRef = 20D1976322CCAE0E00C6D510 /* Preview Assets.xcassets */; };
		20D1976722CCAE0E00C6D510 /* LaunchScreen.storyboard in Resources */ = {isa = PBXBuildFile; fileRef = 20D1976522CCAE0E00C6D510 /* LaunchScreen.storyboard */; };
/* End PBXBuildFile section */

/* Begin PBXFileReference section */
		203B5B7222D38A5E0023E2C0 /* HomeList.swift */ = {isa = PBXFileReference; lastKnownFileType = sourcecode.swift; path = HomeList.swift; sourceTree = "<group>"; };
		203E30D922CCF94200544B47 /* Home.swift */ = {isa = PBXFileReference; lastKnownFileType = sourcecode.swift; path = Home.swift; sourceTree = "<group>"; };
		2042B59222D49991000112E0 /* BlurView.swift */ = {isa = PBXFileReference; lastKnownFileType = sourcecode.swift; path = BlurView.swift; sourceTree = "<group>"; };
		2042B59422D4BCF2000112E0 /* UpdateList.swift */ = {isa = PBXFileReference; lastKnownFileType = sourcecode.swift; path = UpdateList.swift; sourceTree = "<group>"; };
		2042B59622D4C995000112E0 /* UpdateStore.swift */ = {isa = PBXFileReference; lastKnownFileType = sourcecode.swift; path = UpdateStore.swift; sourceTree = "<group>"; };
		2042B59822D4CF05000112E0 /* TabBar.swift */ = {isa = PBXFileReference; lastKnownFileType = sourcecode.swift; path = TabBar.swift; sourceTree = "<group>"; };
		20D1975722CCAE0D00C6D510 /* SwiftUIPlayground.app */ = {isa = PBXFileReference; explicitFileType = wrapper.application; includeInIndex = 0; path = SwiftUIPlayground.app; sourceTree = BUILT_PRODUCTS_DIR; };
		20D1975A22CCAE0D00C6D510 /* AppDelegate.swift */ = {isa = PBXFileReference; lastKnownFileType = sourcecode.swift; path = AppDelegate.swift; sourceTree = "<group>"; };
		20D1975C22CCAE0D00C6D510 /* SceneDelegate.swift */ = {isa = PBXFileReference; lastKnownFileType = sourcecode.swift; path = SceneDelegate.swift; sourceTree = "<group>"; };
		20D1975E22CCAE0D00C6D510 /* ContentView.swift */ = {isa = PBXFileReference; lastKnownFileType = sourcecode.swift; path = ContentView.swift; sourceTree = "<group>"; };
		20D1976022CCAE0E00C6D510 /* Assets.xcassets */ = {isa = PBXFileReference; lastKnownFileType = folder.assetcatalog; path = Assets.xcassets; sourceTree = "<group>"; };
		20D1976322CCAE0E00C6D510 /* Preview Assets.xcassets */ = {isa = PBXFileReference; lastKnownFileType = folder.assetcatalog; path = "Preview Assets.xcassets"; sourceTree = "<group>"; };
		20D1976622CCAE0E00C6D510 /* Base */ = {isa = PBXFileReference; lastKnownFileType = file.storyboard; name = Base; path = Base.lproj/LaunchScreen.storyboard; sourceTree = "<group>"; };
		20D1976822CCAE0E00C6D510 /* Info.plist */ = {isa = PBXFileReference; lastKnownFileType = text.plist.xml; path = Info.plist; sourceTree = "<group>"; };
/* End PBXFileReference section */

/* Begin PBXFrameworksBuildPhase section */
		20D1975422CCAE0D00C6D510 /* Frameworks */ = {
			isa = PBXFrameworksBuildPhase;
			buildActionMask = 2147483647;
			files = (
			);
			runOnlyForDeploymentPostprocessing = 0;
		};
/* End PBXFrameworksBuildPhase section */

/* Begin PBXGroup section */
		20D1974E22CCAE0D00C6D510 = {
			isa = PBXGroup;
			children = (
				20D1975922CCAE0D00C6D510 /* SwiftUIPlayground */,
				20D1975822CCAE0D00C6D510 /* Products */,
			);
			sourceTree = "<group>";
		};
		20D1975822CCAE0D00C6D510 /* Products */ = {
			isa = PBXGroup;
			children = (
				20D1975722CCAE0D00C6D510 /* SwiftUIPlayground.app */,
			);
			name = Products;
			sourceTree = "<group>";
		};
		20D1975922CCAE0D00C6D510 /* SwiftUIPlayground */ = {
			isa = PBXGroup;
			children = (
				20D1975A22CCAE0D00C6D510 /* AppDelegate.swift */,
				20D1975C22CCAE0D00C6D510 /* SceneDelegate.swift */,
				20D1975E22CCAE0D00C6D510 /* ContentView.swift */,
				2042B59222D49991000112E0 /* BlurView.swift */,
				203E30D922CCF94200544B47 /* Home.swift */,
				2042B59422D4BCF2000112E0 /* UpdateList.swift */,
				2042B59622D4C995000112E0 /* UpdateStore.swift */,
				2042B59822D4CF05000112E0 /* TabBar.swift */,
				203B5B7222D38A5E0023E2C0 /* HomeList.swift */,
				20D1976022CCAE0E00C6D510 /* Assets.xcassets */,
				20D1976522CCAE0E00C6D510 /* LaunchScreen.storyboard */,
				20D1976822CCAE0E00C6D510 /* Info.plist */,
				20D1976222CCAE0E00C6D510 /* Preview Content */,
			);
			path = SwiftUIPlayground;
			sourceTree = "<group>";
		};
		20D1976222CCAE0E00C6D510 /* Preview Content */ = {
			isa = PBXGroup;
			children = (
				20D1976322CCAE0E00C6D510 /* Preview Assets.xcassets */,
			);
			path = "Preview Content";
			sourceTree = "<group>";
		};
/* End PBXGroup section */

/* Begin PBXNativeTarget section */
		20D1975622CCAE0D00C6D510 /* SwiftUIPlayground */ = {
			isa = PBXNativeTarget;
			buildConfigurationList = 20D1976B22CCAE0E00C6D510 /* Build configuration list for PBXNativeTarget "SwiftUIPlayground" */;
			buildPhases = (
				20D1975322CCAE0D00C6D510 /* Sources */,
				20D1975422CCAE0D00C6D510 /* Frameworks */,
				20D1975522CCAE0D00C6D510 /* Resources */,
			);
			buildRules = (
			);
			dependencies = (
			);
			name = SwiftUIPlayground;
			productName = SwiftUIPlayground;
			productReference = 20D1975722CCAE0D00C6D510 /* SwiftUIPlayground.app */;
			productType = "com.apple.product-type.application";
		};
/* End PBXNativeTarget section */

/* Begin PBXProject section */
		20D1974F22CCAE0D00C6D510 /* Project object */ = {
			isa = PBXProject;
			attributes = {
				LastSwiftUpdateCheck = 1100;
				LastUpgradeCheck = 1100;
				ORGANIZATIONNAME = "Laurent Droguet";
				TargetAttributes = {
					20D1975622CCAE0D00C6D510 = {
						CreatedOnToolsVersion = 11.0;
					};
				};
			};
			buildConfigurationList = 20D1975222CCAE0D00C6D510 /* Build configuration list for PBXProject "SwiftUIPlayground" */;
			compatibilityVersion = "Xcode 9.3";
			developmentRegion = en;
			hasScannedForEncodings = 0;
			knownRegions = (
				en,
				Base,
			);
			mainGroup = 20D1974E22CCAE0D00C6D510;
			productRefGroup = 20D1975822CCAE0D00C6D510 /* Products */;
			projectDirPath = "";
			projectRoot = "";
			targets = (
				20D1975622CCAE0D00C6D510 /* SwiftUIPlayground */,
			);
		};
/* End PBXProject section */

/* Begin PBXResourcesBuildPhase section */
		20D1975522CCAE0D00C6D510 /* Resources */ = {
			isa = PBXResourcesBuildPhase;
			buildActionMask = 2147483647;
			files = (
				20D1976722CCAE0E00C6D510 /* LaunchScreen.storyboard in Resources */,
				20D1976422CCAE0E00C6D510 /* Preview Assets.xcassets in Resources */,
				20D1976122CCAE0E00C6D510 /* Assets.xcassets in Resources */,
			);
			runOnlyForDeploymentPostprocessing = 0;
		};
/* End PBXResourcesBuildPhase section */

/* Begin PBXSourcesBuildPhase section */
		20D1975322CCAE0D00C6D510 /* Sources */ = {
			isa = PBXSourcesBuildPhase;
			buildActionMask = 2147483647;
			files = (
				2042B59922D4CF05000112E0 /* TabBar.swift in Sources */,
				20D1975B22CCAE0D00C6D510 /* AppDelegate.swift in Sources */,
				2042B59522D4BCF2000112E0 /* UpdateList.swift in Sources */,
				203B5B7322D38A5E0023E2C0 /* HomeList.swift in Sources */,
				20D1975D22CCAE0D00C6D510 /* SceneDelegate.swift in Sources */,
				2042B59722D4C995000112E0 /* UpdateStore.swift in Sources */,
				203E30DA22CCF94200544B47 /* Home.swift in Sources */,
				20D1975F22CCAE0D00C6D510 /* ContentView.swift in Sources */,
				2042B59322D49991000112E0 /* BlurView.swift in Sources */,
			);
			runOnlyForDeploymentPostprocessing = 0;
		};
/* End PBXSourcesBuildPhase section */

/* Begin PBXVariantGroup section */
		20D1976522CCAE0E00C6D510 /* LaunchScreen.storyboard */ = {
			isa = PBXVariantGroup;
			children = (
				20D1976622CCAE0E00C6D510 /* Base */,
			);
			name = LaunchScreen.storyboard;
			sourceTree = "<group>";
		};
/* End PBXVariantGroup section */

/* Begin XCBuildConfiguration section */
		20D1976922CCAE0E00C6D510 /* Debug */ = {
			isa = XCBuildConfiguration;
			buildSettings = {
				ALWAYS_SEARCH_USER_PATHS = NO;
				CLANG_ANALYZER_NONNULL = YES;
				CLANG_ANALYZER_NUMBER_OBJECT_CONVERSION = YES_AGGRESSIVE;
				CLANG_CXX_LANGUAGE_STANDARD = "gnu++14";
				CLANG_CXX_LIBRARY = "libc++";
				CLANG_ENABLE_MODULES = YES;
				CLANG_ENABLE_OBJC_ARC = YES;
				CLANG_ENABLE_OBJC_WEAK = YES;
				CLANG_WARN_BLOCK_CAPTURE_AUTORELEASING = YES;
				CLANG_WARN_BOOL_CONVERSION = YES;
				CLANG_WARN_COMMA = YES;
				CLANG_WARN_CONSTANT_CONVERSION = YES;
				CLANG_WARN_DEPRECATED_OBJC_IMPLEMENTATIONS = YES;
				CLANG_WARN_DIRECT_OBJC_ISA_USAGE = YES_ERROR;
				CLANG_WARN_DOCUMENTATION_COMMENTS = YES;
				CLANG_WARN_EMPTY_BODY = YES;
				CLANG_WARN_ENUM_CONVERSION = YES;
				CLANG_WARN_INFINITE_RECURSION = YES;
				CLANG_WARN_INT_CONVERSION = YES;
				CLANG_WARN_NON_LITERAL_NULL_CONVERSION = YES;
				CLANG_WARN_OBJC_IMPLICIT_RETAIN_SELF = YES;
				CLANG_WARN_OBJC_LITERAL_CONVERSION = YES;
				CLANG_WARN_OBJC_ROOT_CLASS = YES_ERROR;
				CLANG_WARN_RANGE_LOOP_ANALYSIS = YES;
				CLANG_WARN_STRICT_PROTOTYPES = YES;
				CLANG_WARN_SUSPICIOUS_MOVE = YES;
				CLANG_WARN_UNGUARDED_AVAILABILITY = YES_AGGRESSIVE;
				CLANG_WARN_UNREACHABLE_CODE = YES;
				CLANG_WARN__DUPLICATE_METHOD_MATCH = YES;
				COPY_PHASE_STRIP = NO;
				DEBUG_INFORMATION_FORMAT = dwarf;
				ENABLE_STRICT_OBJC_MSGSEND = YES;
				ENABLE_TESTABILITY = YES;
				GCC_C_LANGUAGE_STANDARD = gnu11;
				GCC_DYNAMIC_NO_PIC = NO;
				GCC_NO_COMMON_BLOCKS = YES;
				GCC_OPTIMIZATION_LEVEL = 0;
				GCC_PREPROCESSOR_DEFINITIONS = (
					"DEBUG=1",
					"$(inherited)",
				);
				GCC_WARN_64_TO_32_BIT_CONVERSION = YES;
				GCC_WARN_ABOUT_RETURN_TYPE = YES_ERROR;
				GCC_WARN_UNDECLARED_SELECTOR = YES;
				GCC_WARN_UNINITIALIZED_AUTOS = YES_AGGRESSIVE;
				GCC_WARN_UNUSED_FUNCTION = YES;
				GCC_WARN_UNUSED_VARIABLE = YES;
				IPHONEOS_DEPLOYMENT_TARGET = 13.0;
				MTL_ENABLE_DEBUG_INFO = INCLUDE_SOURCE;
				MTL_FAST_MATH = YES;
				ONLY_ACTIVE_ARCH = YES;
				SDKROOT = iphoneos;
				SWIFT_ACTIVE_COMPILATION_CONDITIONS = DEBUG;
				SWIFT_OPTIMIZATION_LEVEL = "-Onone";
			};
			name = Debug;
		};
		20D1976A22CCAE0E00C6D510 /* Release */ = {
			isa = XCBuildConfiguration;
			buildSettings = {
				ALWAYS_SEARCH_USER_PATHS = NO;
				CLANG_ANALYZER_NONNULL = YES;
				CLANG_ANALYZER_NUMBER_OBJECT_CONVERSION = YES_AGGRESSIVE;
				CLANG_CXX_LANGUAGE_STANDARD = "gnu++14";
				CLANG_CXX_LIBRARY = "libc++";
				CLANG_ENABLE_MODULES = YES;
				CLANG_ENABLE_OBJC_ARC = YES;
				CLANG_ENABLE_OBJC_WEAK = YES;
				CLANG_WARN_BLOCK_CAPTURE_AUTORELEASING = YES;
				CLANG_WARN_BOOL_CONVERSION = YES;
				CLANG_WARN_COMMA = YES;
				CLANG_WARN_CONSTANT_CONVERSION = YES;
				CLANG_WARN_DEPRECATED_OBJC_IMPLEMENTATIONS = YES;
				CLANG_WARN_DIRECT_OBJC_ISA_USAGE = YES_ERROR;
				CLANG_WARN_DOCUMENTATION_COMMENTS = YES;
				CLANG_WARN_EMPTY_BODY = YES;
				CLANG_WARN_ENUM_CONVERSION = YES;
				CLANG_WARN_INFINITE_RECURSION = YES;
				CLANG_WARN_INT_CONVERSION = YES;
				CLANG_WARN_NON_LITERAL_NULL_CONVERSION = YES;
				CLANG_WARN_OBJC_IMPLICIT_RETAIN_SELF = YES;
				CLANG_WARN_OBJC_LITERAL_CONVERSION = YES;
				CLANG_WARN_OBJC_ROOT_CLASS = YES_ERROR;
				CLANG_WARN_RANGE_LOOP_ANALYSIS = YES;
				CLANG_WARN_STRICT_PROTOTYPES = YES;
				CLANG_WARN_SUSPICIOUS_MOVE = YES;
				CLANG_WARN_UNGUARDED_AVAILABILITY = YES_AGGRESSIVE;
				CLANG_WARN_UNREACHABLE_CODE = YES;
				CLANG_WARN__DUPLICATE_METHOD_MATCH = YES;
				COPY_PHASE_STRIP = NO;
				DEBUG_INFORMATION_FORMAT = "dwarf-with-dsym";
				ENABLE_NS_ASSERTIONS = NO;
				ENABLE_STRICT_OBJC_MSGSEND = YES;
				GCC_C_LANGUAGE_STANDARD = gnu11;
				GCC_NO_COMMON_BLOCKS = YES;
				GCC_WARN_64_TO_32_BIT_CONVERSION = YES;
				GCC_WARN_ABOUT_RETURN_TYPE = YES_ERROR;
				GCC_WARN_UNDECLARED_SELECTOR = YES;
				GCC_WARN_UNINITIALIZED_AUTOS = YES_AGGRESSIVE;
				GCC_WARN_UNUSED_FUNCTION = YES;
				GCC_WARN_UNUSED_VARIABLE = YES;
				IPHONEOS_DEPLOYMENT_TARGET = 13.0;
				MTL_ENABLE_DEBUG_INFO = NO;
				MTL_FAST_MATH = YES;
				SDKROOT = iphoneos;
				SWIFT_COMPILATION_MODE = wholemodule;
				SWIFT_OPTIMIZATION_LEVEL = "-O";
				VALIDATE_PRODUCT = YES;
			};
			name = Release;
		};
		20D1976C22CCAE0E00C6D510 /* Debug */ = {
			isa = XCBuildConfiguration;
			buildSettings = {
				ASSETCATALOG_COMPILER_APPICON_NAME = AppIcon;
				CODE_SIGN_STYLE = Automatic;
				DEVELOPMENT_ASSET_PATHS = "SwiftUIPlayground/Preview\\ Content";
				ENABLE_PREVIEWS = YES;
				INFOPLIST_FILE = SwiftUIPlayground/Info.plist;
				LD_RUNPATH_SEARCH_PATHS = (
					"$(inherited)",
					"@executable_path/Frameworks",
				);
				PRODUCT_BUNDLE_IDENTIFIER = ld.SwiftUIPlayground;
				PRODUCT_NAME = "$(TARGET_NAME)";
				SWIFT_VERSION = 5.0;
				TARGETED_DEVICE_FAMILY = "1,2";
			};
			name = Debug;
		};
		20D1976D22CCAE0E00C6D510 /* Release */ = {
			isa = XCBuildConfiguration;
			buildSettings = {
				ASSETCATALOG_COMPILER_APPICON_NAME = AppIcon;
				CODE_SIGN_STYLE = Automatic;
				DEVELOPMENT_ASSET_PATHS = "SwiftUIPlayground/Preview\\ Content";
				ENABLE_PREVIEWS = YES;
				INFOPLIST_FILE = SwiftUIPlayground/Info.plist;
				LD_RUNPATH_SEARCH_PATHS = (
					"$(inherited)",
					"@executable_path/Frameworks",
				);
				PRODUCT_BUNDLE_IDENTIFIER = ld.SwiftUIPlayground;
				PRODUCT_NAME = "$(TARGET_NAME)";
				SWIFT_VERSION = 5.0;
				TARGETED_DEVICE_FAMILY = "1,2";
			};
			name = Release;
		};
/* End XCBuildConfiguration section */

/* Begin XCConfigurationList section */
		20D1975222CCAE0D00C6D510 /* Build configuration list for PBXProject "SwiftUIPlayground" */ = {
			isa = XCConfigurationList;
			buildConfigurations = (
				20D1976922CCAE0E00C6D510 /* Debug */,
				20D1976A22CCAE0E00C6D510 /* Release */,
			);
			defaultConfigurationIsVisible = 0;
			defaultConfigurationName = Release;
		};
		20D1976B22CCAE0E00C6D510 /* Build configuration list for PBXNativeTarget "SwiftUIPlayground" */ = {
			isa = XCConfigurationList;
			buildConfigurations = (
				20D1976C22CCAE0E00C6D510 /* Debug */,
				20D1976D22CCAE0E00C6D510 /* Release */,
			);
			defaultConfigurationIsVisible = 0;
			defaultConfigurationName = Release;
		};
/* End XCConfigurationList section */
	};
	rootObject = 20D1974F22CCAE0D00C6D510 /* Project object */;
}
